{
  "requires": true,
  "lockfileVersion": 1,
  "dependencies": {
    "sass-svg": {
      "version": "1.1.0",
      "resolved": "https://registry.npmjs.org/sass-svg/-/sass-svg-1.1.0.tgz",
      "integrity": "sha512-DJmwx53FX6ekWPtce8z09mguVad3hfrhL5ZrzIi1jYXwEW8pu3WCRCRW5wiOObnpbQEntCeKtx8yKaLfWr/hDQ==",
      "requires": {
        "sassdash": "0.8.2"
      }
    },
    "sassdash": {
      "version": "0.8.2",
      "resolved": "https://registry.npmjs.org/sassdash/-/sassdash-0.8.2.tgz",
      "integrity": "sha1-QtWbSTLxMDRpVgS9hDfitZiv02g="
    }
  }
}
